
Microsoft Visual Studio Solution File, Format Version 12.00
# Visual Studio Version 17
VisualStudioVersion = 17.5.002.0
MinimumVisualStudioVersion = 10.0.40219.1
Project("{9A19103F-16F7-4668-BE54-9A1E7A4F7556}") = "auth", "auth.csproj", "{F79AE777-8012-4F93-BA17-6251D66A89F1}"
EndProject
Global
	GlobalSection(SolutionConfigurationPlatforms) = preSolution
		Debug|Any CPU = Debug|Any CPU
		Release|Any CPU = Release|Any CPU
	EndGlobalSection
	GlobalSection(ProjectConfigurationPlatforms) = postSolution
		{F79AE777-8012-4F93-BA17-6251D66A89F1}.Debug|Any CPU.ActiveCfg = Debug|Any CPU
		{F79AE777-8012-4F93-BA17-6251D66A89F1}.Debug|Any CPU.Build.0 = Debug|Any CPU
		{F79AE777-8012-4F93-BA17-6251D66A89F1}.Release|Any CPU.ActiveCfg = Release|Any CPU
		{F79AE777-8012-4F93-BA17-6251D66A89F1}.Release|Any CPU.Build.0 = Release|Any CPU
	EndGlobalSection
	GlobalSection(SolutionProperties) = preSolution
		HideSolutionNode = FALSE
	EndGlobalSection
	GlobalSection(ExtensibilityGlobals) = postSolution
		SolutionGuid = {1496F8EF-7629-477E-902D-B68A873E6496}
	EndGlobalSection
EndGlobal
